
Microsoft Visual Studio Solution File, Format Version 12.00
# Visual Studio Version 17
VisualStudioVersion = 17.0.31903.59
MinimumVisualStudioVersion = 10.0.40219.1
Project("{2150E333-8FDC-42A3-9474-1A3956D46DE8}") = "src", "src", "{3DD25C94-E992-431D-A5DE-2E51520A379E}"
EndProject
Project("{9A19103F-16F7-4668-BE54-9A1E7A4F7556}") = "Colosoft.Globalization", "src\Colosoft.Globalization\Colosoft.Globalization.csproj", "{7DE3A7A9-CB7C-4D33-990C-9938CABB4CBD}"
EndProject
Global
	GlobalSection(SolutionConfigurationPlatforms) = preSolution
		Debug|Any CPU = Debug|Any CPU
		Release|Any CPU = Release|Any CPU
	EndGlobalSection
	GlobalSection(ProjectConfigurationPlatforms) = postSolution
		{7DE3A7A9-CB7C-4D33-990C-9938CABB4CBD}.Debug|Any CPU.ActiveCfg = Debug|Any CPU
		{7DE3A7A9-CB7C-4D33-990C-9938CABB4CBD}.Debug|Any CPU.Build.0 = Debug|Any CPU
		{7DE3A7A9-CB7C-4D33-990C-9938CABB4CBD}.Release|Any CPU.ActiveCfg = Release|Any CPU
		{7DE3A7A9-CB7C-4D33-990C-9938CABB4CBD}.Release|Any CPU.Build.0 = Release|Any CPU
	EndGlobalSection
	GlobalSection(SolutionProperties) = preSolution
		HideSolutionNode = FALSE
	EndGlobalSection
	GlobalSection(NestedProjects) = preSolution
		{7DE3A7A9-CB7C-4D33-990C-9938CABB4CBD} = {3DD25C94-E992-431D-A5DE-2E51520A379E}
	EndGlobalSection
EndGlobal
